
Microsoft Visual Studio Solution File, Format Version 12.00
# Visual Studio 2013
VisualStudioVersion = 12.0.21005.1
MinimumVisualStudioVersion = 10.0.40219.1
Project("{FAE04EC0-301F-11D3-BF4B-00C04F79EFBC}") = "X_Projection", "X_Projection\X_Projection.csproj", "{6E0CB3CF-9028-4D52-AF56-58E0F7C8AE66}"
EndProject
Project("{FAE04EC0-301F-11D3-BF4B-00C04F79EFBC}") = "X_Projection.Web", "X_Projection.Web\X_Projection.Web.csproj", "{6297C82B-FEF0-4739-966D-A1E9E6390021}"
EndProject
Global
	GlobalSection(SolutionConfigurationPlatforms) = preSolution
		Debug|Any CPU = Debug|Any CPU
		Release|Any CPU = Release|Any CPU
	EndGlobalSection
	GlobalSection(ProjectConfigurationPlatforms) = postSolution
		{6E0CB3CF-9028-4D52-AF56-58E0F7C8AE66}.Debug|Any CPU.ActiveCfg = Debug|Any CPU
		{6E0CB3CF-9028-4D52-AF56-58E0F7C8AE66}.Debug|Any CPU.Build.0 = Debug|Any CPU
		{6E0CB3CF-9028-4D52-AF56-58E0F7C8AE66}.Release|Any CPU.ActiveCfg = Release|Any CPU
		{6E0CB3CF-9028-4D52-AF56-58E0F7C8AE66}.Release|Any CPU.Build.0 = Release|Any CPU
		{6297C82B-FEF0-4739-966D-A1E9E6390021}.Debug|Any CPU.ActiveCfg = Debug|Any CPU
		{6297C82B-FEF0-4739-966D-A1E9E6390021}.Debug|Any CPU.Build.0 = Debug|Any CPU
		{6297C82B-FEF0-4739-966D-A1E9E6390021}.Release|Any CPU.ActiveCfg = Release|Any CPU
		{6297C82B-FEF0-4739-966D-A1E9E6390021}.Release|Any CPU.Build.0 = Release|Any CPU
	EndGlobalSection
	GlobalSection(SolutionProperties) = preSolution
		HideSolutionNode = FALSE
	EndGlobalSection
EndGlobal
